{
    "_meta": {
        "hash": {
            "sha256": "c301338a4bfcc16d3585c2bf4c965cf2c6c1f31155c1a7b69a33d52e83a34df3"
        },
        "pipfile-spec": 6,
        "requires": {
            "python_version": "3.7"
        },
        "sources": [
            {
                "name": "pypi",
                "url": "https://pypi.org/simple",
                "verify_ssl": true
            }
        ]
    },
    "default": {
        "pyu2f": {
            "hashes": [
                "sha256:12d1260ccd7cfd7a987fc1ad84667770efd6b422cec47fe8eda18d5d52ff6bd3"
            ],
            "index": "pypi",
            "version": "==0.1.4"
        },
        "six": {
            "hashes": [
                "sha256:236bdbdce46e6e6a3d61a337c0f8b763ca1e8717c03b369e87a7ec7ce1319c0a",
                "sha256:8f3cd2e254d8f793e7f3d6d9df77b92252b52637291d0f0da013c76ea2724b6c"
            ],
            "version": "==1.14.0"
        }
    },
    "develop": {}
}
